github.com/aws/aws-sdk-go v1.14.31 h1:amhorvKh1zNxo9YCntvA5uDmgw+pCYXOp4xO8WS1oDg=
github.com/aws/aws-sdk-go v1.14.31/go.mod h1:mFuSZ37Z9YOHbQEwBWztmVzqXrEkub65tZoCYDt7FT0=
github.com/fishy/errbatch v0.0.0-20180528213649-54f5e12eed54 h1:CuowD13UFkVyT8qQ7WSANugSAuu9b2TEdiTcvhV8poc=
github.com/fishy/errbatch v0.0.0-20180528213649-54f5e12eed54/go.mod h1:jT6yKE1tSjlA9VLZNiZ630ul9Z3ZuUzXEAIJiNlQqjY=
github.com/fishy/fsdb v0.0.0-20180728215745-5120cb905cad h1:zysobAz0dNzEmd2w3Jncp+w+NbjPIaf0njK5ouGEe/Y=
github.com/fishy/fsdb v0.0.0-20180728215745-5120cb905cad/go.mod h1:0ZSnLTd+geC+Fjh6FRtN7RhdMD3nc847T+8Q/8YdENc=
github.com/fishy/rowlock v0.0.0-20180528220015-119f0ff86f20/go.mod h1:LvlszqohGzHS3HOL120Q0U9ZVl76bIIQBLcEN8YpKjE=
github.com/fishy/wrapreader v0.0.0-20180728215622-1cf2fb33e2fc h1:vHg5GwMnqeXe2ptlODsuYRuIhJXqmJX+0auEGmlWCx8=
github.com/fishy/wrapreader v0.0.0-20180728215622-1cf2fb33e2fc/go.mod h1:p2l1EEMO3XbQ/DquZjJUp/BibHdxawa+SGtYk3D9fJM=
github.com/go-ini/ini v1.25.4 h1:Mujh4R/dH6YL8bxuISne3xX2+qcQ9p0IxKAP6ExWoUo=
github.com/go-ini/ini v1.25.4/go.mod h1:ByCAeIL28uOIIG0E3PJtZPDL8WnHpFKFOtgjp+3Ies8=
github.com/jmespath/go-jmespath v0.0.0-20160202185014-0b12d6b521d8 h1:12VvqtR6Aowv3l/EQUlocDHW2Cp4G9WJVH7uyH8QFJE=
github.com/jmespath/go-jmespath v0.0.0-20160202185014-0b12d6b521d8/go.mod h1:Nht3zPeWKUH0NzdCt2Blrr5ys8VGpn0CEB0cQHVjt7k=
